
Microsoft Visual Studio Solution File, Format Version 12.00
# Visual Studio Version 16
VisualStudioVersion = 16.0.30907.101
MinimumVisualStudioVersion = 10.0.40219.1
Project("{9A19103F-16F7-4668-BE54-9A1E7A4F7556}") = "Finoban.Api.Cifra", "Finoban.Api\Finoban.Api.Cifra.csproj", "{36CB9E13-C769-443E-BBE2-DB587D296261}"
EndProject
Global
	GlobalSection(SolutionConfigurationPlatforms) = preSolution
		Debug|Any CPU = Debug|Any CPU
		Release|Any CPU = Release|Any CPU
	EndGlobalSection
	GlobalSection(ProjectConfigurationPlatforms) = postSolution
		{36CB9E13-C769-443E-BBE2-DB587D296261}.Debug|Any CPU.ActiveCfg = Debug|Any CPU
		{36CB9E13-C769-443E-BBE2-DB587D296261}.Debug|Any CPU.Build.0 = Debug|Any CPU
		{36CB9E13-C769-443E-BBE2-DB587D296261}.Release|Any CPU.ActiveCfg = Release|Any CPU
		{36CB9E13-C769-443E-BBE2-DB587D296261}.Release|Any CPU.Build.0 = Release|Any CPU
	EndGlobalSection
	GlobalSection(SolutionProperties) = preSolution
		HideSolutionNode = FALSE
	EndGlobalSection
	GlobalSection(ExtensibilityGlobals) = postSolution
		SolutionGuid = {6E2E555B-EBC4-4BCC-B117-4106DC8C44E3}
	EndGlobalSection
EndGlobal
